Microsoft Visual Studio Solution File, Format Version 11.00
# Visual Studio 2008

Project("{55EAD1D3-12F4-050C-56A9-5866099A0167}") = "Technophobia-All Levels", "Assembly-CSharp.csproj", "{68D0CBEF-12D7-140C-D0E8-7C39FF84DC23}"
EndProject
Project("{55EAD1D3-12F4-050C-56A9-5866099A0167}") = "Technophobia-All Levels", "Assembly-UnityScript.unityproj", "{0107A1A3-E4B1-3A48-8BDB-C652FB890F37}"
EndProject
Global
	GlobalSection(SolutionConfigurationPlatforms) = preSolution
		Debug|Any CPU = Debug|Any CPU
		Release|Any CPU = Release|Any CPU
	EndGlobalSection
	GlobalSection(ProjectConfigurationPlatforms) = postSolution
		{68D0CBEF-12D7-140C-D0E8-7C39FF84DC23}.Debug|Any CPU.ActiveCfg = Debug|Any CPU
		{68D0CBEF-12D7-140C-D0E8-7C39FF84DC23}.Debug|Any CPU.Build.0 = Debug|Any CPU
		{68D0CBEF-12D7-140C-D0E8-7C39FF84DC23}.Release|Any CPU.ActiveCfg = Release|Any CPU
		{68D0CBEF-12D7-140C-D0E8-7C39FF84DC23}.Release|Any CPU.Build.0 = Release|Any CPU
		{0107A1A3-E4B1-3A48-8BDB-C652FB890F37}.Debug|Any CPU.ActiveCfg = Debug|Any CPU
		{0107A1A3-E4B1-3A48-8BDB-C652FB890F37}.Debug|Any CPU.Build.0 = Debug|Any CPU
		{0107A1A3-E4B1-3A48-8BDB-C652FB890F37}.Release|Any CPU.ActiveCfg = Release|Any CPU
		{0107A1A3-E4B1-3A48-8BDB-C652FB890F37}.Release|Any CPU.Build.0 = Release|Any CPU
	EndGlobalSection
	GlobalSection(SolutionProperties) = preSolution
		HideSolutionNode = FALSE
	EndGlobalSection
	GlobalSection(MonoDevelopProperties) = preSolution
		StartupItem = Assembly-CSharp.csproj
		Policies = $0
		$0.TextStylePolicy = $1
		$1.inheritsSet = null
		$1.scope = text/x-csharp
		$0.CSharpFormattingPolicy = $2
		$2.inheritsSet = Mono
		$2.inheritsScope = text/x-csharp
		$2.scope = text/x-csharp
		$0.TextStylePolicy = $3
		$3.FileWidth = 120
		$3.TabWidth = 4
		$3.EolMarker = Unix
		$3.inheritsSet = Mono
		$3.inheritsScope = text/plain
		$3.scope = text/plain
	EndGlobalSection
EndGlobal
